# THIS IS AN AUTOGENERATED FILE. DO NOT EDIT THIS FILE DIRECTLY.
# yarn lockfile v1


date-fns-tz@1.0.12:
  version "1.0.12"
  resolved "https://registry.yarnpkg.com/date-fns-tz/-/date-fns-tz-1.0.12.tgz#2d680e1099767775cff7a30eac34362d52639fed"
  integrity sha512-Ca+9pjGkU90XDHnclfSjz9o7g/ZqyYyYI0aCYmbf65P75oy8gktuaRslO3UPXl3ADgAnF9/KCykQkpU3/xvtWQ==

date-fns@2.16.1:
  version "2.16.1"
  resolved "https://registry.yarnpkg.com/date-fns/-/date-fns-2.16.1.tgz#05775792c3f3331da812af253e1a935851d3834b"
  integrity sha512-sAJVKx/FqrLYHAQeN7VpJrPhagZc9R4ImZIWYRFZaaohR3KzmuK88touwsSwSVT8Qcbd4zoDsnGfX4GFB4imyQ==

dayjs@1.8.33:
  version "1.8.33"
  resolved "https://registry.yarnpkg.com/dayjs/-/dayjs-1.8.33.tgz#18bc4a2b6c1c6f4d67b4c4f2536c0b97e5b766f7"
  integrity sha512-881TDLZCdpJFKbraWRHcUG8zfMLLX400ENf9rFZDuWc5zYMss6xifo2PhlDX0ftOmR2NRmaIY47bAa4gKQfXqw==

moment-timezone@0.5.31:
  version "0.5.31"
  resolved "https://registry.yarnpkg.com/moment-timezone/-/moment-timezone-0.5.31.tgz#9c40d8c5026f0c7ab46eda3d63e49c155148de05"
  integrity sha512-+GgHNg8xRhMXfEbv81iDtrVeTcWt0kWmTEY1XQK14dICTXnWJnT0dxdlPspwqF3keKMVPXwayEsk1DI0AA/jdA==
  dependencies:
    moment ">= 2.9.0"

"moment@>= 2.9.0":
  version "2.27.0"
  resolved "https://registry.yarnpkg.com/moment/-/moment-2.27.0.tgz#8bff4e3e26a236220dfe3e36de756b6ebaa0105d"
  integrity sha512-al0MUK7cpIcglMv3YF13qSgdAIqxHTO7brRtaz3DlSULbqfazqkc5kEjNrLDOM7fsjshoFIihnU8snrP7zUvhQ==
